{
  "pins" : [
    {
      "identity" : "google-cast-sdk",
      "kind" : "remoteSourceControl",
      "location" : "https://github.com/SRGSSR/google-cast-sdk.git",
      "state" : {
        "revision" : "887df6bfbae15e2887556a7268806649ead37fe9",
        "version" : "4.8.6"
      }
    }
  ],
  "version" : 2
}
